
Microsoft Visual Studio Solution File, Format Version 12.00
# Visual Studio Version 17
VisualStudioVersion = 17.6.33723.286
MinimumVisualStudioVersion = 10.0.40219.1
Project("{FAE04EC0-301F-11D3-BF4B-00C04F79EFBC}") = "MachineStatusManagerClient", "MachineStatusManagerClient\MachineStatusManagerClient.csproj", "{78941C1B-817A-404F-A1C7-2F6C0AFEB200}"
EndProject
Project("{FAE04EC0-301F-11D3-BF4B-00C04F79EFBC}") = "XRayMachineStatusManagement", "XRayMachineStatusManager.cs\XRayMachineStatusManagement.csproj", "{8F326191-91B6-4C4B-84F2-E716F7413856}"
EndProject
Project("{FAE04EC0-301F-11D3-BF4B-00C04F79EFBC}") = "SensorData", "SensorData\SensorData.csproj", "{B3311263-1046-4F58-BE36-87DB9EF6FFC3}"
EndProject
Project("{2150E333-8FDC-42A3-9474-1A3956D46DE8}") = "Sensor Data Logs", "Sensor Data Logs", "{56E409DA-2B2D-4720-8B2D-632004C361C5}"
EndProject
Project("{2150E333-8FDC-42A3-9474-1A3956D46DE8}") = "Source OFF Before D1 ON", "Source OFF Before D1 ON", "{40A90FC5-D112-4C8A-89EF-F29D963FCA2C}"
	ProjectSection(SolutionItems) = preProject
		Raw - 12 Bags Data.txt = Raw - 12 Bags Data.txt
		SMDT.txt = SMDT.txt
		SMDT_25_CTP.txt = SMDT_25_CTP.txt
	EndProjectSection
EndProject
Global
	GlobalSection(SolutionConfigurationPlatforms) = preSolution
		Debug|Any CPU = Debug|Any CPU
		Release|Any CPU = Release|Any CPU
	EndGlobalSection
	GlobalSection(ProjectConfigurationPlatforms) = postSolution
		{78941C1B-817A-404F-A1C7-2F6C0AFEB200}.Debug|Any CPU.ActiveCfg = Debug|Any CPU
		{78941C1B-817A-404F-A1C7-2F6C0AFEB200}.Debug|Any CPU.Build.0 = Debug|Any CPU
		{78941C1B-817A-404F-A1C7-2F6C0AFEB200}.Release|Any CPU.ActiveCfg = Release|Any CPU
		{78941C1B-817A-404F-A1C7-2F6C0AFEB200}.Release|Any CPU.Build.0 = Release|Any CPU
		{8F326191-91B6-4C4B-84F2-E716F7413856}.Debug|Any CPU.ActiveCfg = Debug|Any CPU
		{8F326191-91B6-4C4B-84F2-E716F7413856}.Debug|Any CPU.Build.0 = Debug|Any CPU
		{8F326191-91B6-4C4B-84F2-E716F7413856}.Release|Any CPU.ActiveCfg = Release|Any CPU
		{8F326191-91B6-4C4B-84F2-E716F7413856}.Release|Any CPU.Build.0 = Release|Any CPU
		{B3311263-1046-4F58-BE36-87DB9EF6FFC3}.Debug|Any CPU.ActiveCfg = Debug|Any CPU
		{B3311263-1046-4F58-BE36-87DB9EF6FFC3}.Debug|Any CPU.Build.0 = Debug|Any CPU
		{B3311263-1046-4F58-BE36-87DB9EF6FFC3}.Release|Any CPU.ActiveCfg = Release|Any CPU
		{B3311263-1046-4F58-BE36-87DB9EF6FFC3}.Release|Any CPU.Build.0 = Release|Any CPU
	EndGlobalSection
	GlobalSection(SolutionProperties) = preSolution
		HideSolutionNode = FALSE
	EndGlobalSection
	GlobalSection(NestedProjects) = preSolution
		{40A90FC5-D112-4C8A-89EF-F29D963FCA2C} = {56E409DA-2B2D-4720-8B2D-632004C361C5}
	EndGlobalSection
	GlobalSection(ExtensibilityGlobals) = postSolution
		SolutionGuid = {E76793C7-2EDF-4B02-A7F7-F1685190EEAC}
	EndGlobalSection
EndGlobal
